
Microsoft Visual Studio Solution File, Format Version 12.00
# Visual Studio Version 16
VisualStudioVersion = 16.0.29209.62
MinimumVisualStudioVersion = 10.0.40219.1
Project("{FAE04EC0-301F-11D3-BF4B-00C04F79EFBC}") = "WebApp", "WebApp\WebApp.csproj", "{FA7999CC-37DC-4822-9E32-A5675B5ACBFE}"
EndProject
Project("{FAE04EC0-301F-11D3-BF4B-00C04F79EFBC}") = "NorthWindSystem", "NorthWindSystem\NorthWindSystem.csproj", "{171EBB15-075A-410D-83B8-3AF9DD91B8B1}"
EndProject
Global
	GlobalSection(SolutionConfigurationPlatforms) = preSolution
		Debug|Any CPU = Debug|Any CPU
		Release|Any CPU = Release|Any CPU
	EndGlobalSection
	GlobalSection(ProjectConfigurationPlatforms) = postSolution
		{FA7999CC-37DC-4822-9E32-A5675B5ACBFE}.Debug|Any CPU.ActiveCfg = Debug|Any CPU
		{FA7999CC-37DC-4822-9E32-A5675B5ACBFE}.Debug|Any CPU.Build.0 = Debug|Any CPU
		{FA7999CC-37DC-4822-9E32-A5675B5ACBFE}.Release|Any CPU.ActiveCfg = Release|Any CPU
		{FA7999CC-37DC-4822-9E32-A5675B5ACBFE}.Release|Any CPU.Build.0 = Release|Any CPU
		{171EBB15-075A-410D-83B8-3AF9DD91B8B1}.Debug|Any CPU.ActiveCfg = Debug|Any CPU
		{171EBB15-075A-410D-83B8-3AF9DD91B8B1}.Debug|Any CPU.Build.0 = Debug|Any CPU
		{171EBB15-075A-410D-83B8-3AF9DD91B8B1}.Release|Any CPU.ActiveCfg = Release|Any CPU
		{171EBB15-075A-410D-83B8-3AF9DD91B8B1}.Release|Any CPU.Build.0 = Release|Any CPU
	EndGlobalSection
	GlobalSection(SolutionProperties) = preSolution
		HideSolutionNode = FALSE
	EndGlobalSection
	GlobalSection(ExtensibilityGlobals) = postSolution
		SolutionGuid = {3C2BA9E4-92F3-4F17-B25B-F773FE2705A2}
	EndGlobalSection
EndGlobal
