
Microsoft Visual Studio Solution File, Format Version 12.00
# Visual Studio 15
VisualStudioVersion = 15.0.27703.2018
MinimumVisualStudioVersion = 10.0.40219.1
Project("{FAE04EC0-301F-11D3-BF4B-00C04F79EFBC}") = "WebApp", "WebApp\WebApp.csproj", "{2DFDD257-2B16-4DA3-9AE7-54365148569B}"
EndProject
Global
	GlobalSection(SolutionConfigurationPlatforms) = preSolution
		Debug|Any CPU = Debug|Any CPU
		Release|Any CPU = Release|Any CPU
	EndGlobalSection
	GlobalSection(ProjectConfigurationPlatforms) = postSolution
		{2DFDD257-2B16-4DA3-9AE7-54365148569B}.Debug|Any CPU.ActiveCfg = Debug|Any CPU
		{2DFDD257-2B16-4DA3-9AE7-54365148569B}.Debug|Any CPU.Build.0 = Debug|Any CPU
		{2DFDD257-2B16-4DA3-9AE7-54365148569B}.Release|Any CPU.ActiveCfg = Release|Any CPU
		{2DFDD257-2B16-4DA3-9AE7-54365148569B}.Release|Any CPU.Build.0 = Release|Any CPU
	EndGlobalSection
	GlobalSection(SolutionProperties) = preSolution
		HideSolutionNode = FALSE
	EndGlobalSection
	GlobalSection(ExtensibilityGlobals) = postSolution
		SolutionGuid = {88068848-484B-4ABA-978C-904FF31592A0}
	EndGlobalSection
EndGlobal
